
Microsoft Visual Studio Solution File, Format Version 12.00
# Visual Studio 15
VisualStudioVersion = 15.0.27703.2026
MinimumVisualStudioVersion = 10.0.40219.1
Project("{FAE04EC0-301F-11D3-BF4B-00C04F79EFBC}") = "program1", "program1\program1.csproj", "{A98A62F7-77BA-4E0E-AD16-B41F55A768E4}"
EndProject
Project("{FAE04EC0-301F-11D3-BF4B-00C04F79EFBC}") = "program2", "program2\program2.csproj", "{EFD24036-FD08-4C63-B969-72041E4F0858}"
EndProject
Global
	GlobalSection(SolutionConfigurationPlatforms) = preSolution
		Debug|Any CPU = Debug|Any CPU
		Release|Any CPU = Release|Any CPU
	EndGlobalSection
	GlobalSection(ProjectConfigurationPlatforms) = postSolution
		{A98A62F7-77BA-4E0E-AD16-B41F55A768E4}.Debug|Any CPU.ActiveCfg = Debug|Any CPU
		{A98A62F7-77BA-4E0E-AD16-B41F55A768E4}.Debug|Any CPU.Build.0 = Debug|Any CPU
		{A98A62F7-77BA-4E0E-AD16-B41F55A768E4}.Release|Any CPU.ActiveCfg = Release|Any CPU
		{A98A62F7-77BA-4E0E-AD16-B41F55A768E4}.Release|Any CPU.Build.0 = Release|Any CPU
		{EFD24036-FD08-4C63-B969-72041E4F0858}.Debug|Any CPU.ActiveCfg = Debug|Any CPU
		{EFD24036-FD08-4C63-B969-72041E4F0858}.Debug|Any CPU.Build.0 = Debug|Any CPU
		{EFD24036-FD08-4C63-B969-72041E4F0858}.Release|Any CPU.ActiveCfg = Release|Any CPU
		{EFD24036-FD08-4C63-B969-72041E4F0858}.Release|Any CPU.Build.0 = Release|Any CPU
	EndGlobalSection
	GlobalSection(SolutionProperties) = preSolution
		HideSolutionNode = FALSE
	EndGlobalSection
	GlobalSection(ExtensibilityGlobals) = postSolution
		SolutionGuid = {B5372E28-73B4-421F-BC79-82A09C792939}
	EndGlobalSection
EndGlobal
